
Microsoft Visual Studio Solution File, Format Version 12.00
# Visual Studio Version 16
VisualStudioVersion = 16.0.31129.286
MinimumVisualStudioVersion = 10.0.40219.1
Project("{FAE04EC0-301F-11D3-BF4B-00C04F79EFBC}") = "WebAPI", "WebAPI\WebAPI.csproj", "{D587B424-A495-4822-BDDA-AFA9C4858CCB}"
EndProject
Global
	GlobalSection(SolutionConfigurationPlatforms) = preSolution
		Debug|Any CPU = Debug|Any CPU
		Release|Any CPU = Release|Any CPU
	EndGlobalSection
	GlobalSection(ProjectConfigurationPlatforms) = postSolution
		{D587B424-A495-4822-BDDA-AFA9C4858CCB}.Debug|Any CPU.ActiveCfg = Debug|Any CPU
		{D587B424-A495-4822-BDDA-AFA9C4858CCB}.Debug|Any CPU.Build.0 = Debug|Any CPU
		{D587B424-A495-4822-BDDA-AFA9C4858CCB}.Release|Any CPU.ActiveCfg = Release|Any CPU
		{D587B424-A495-4822-BDDA-AFA9C4858CCB}.Release|Any CPU.Build.0 = Release|Any CPU
	EndGlobalSection
	GlobalSection(SolutionProperties) = preSolution
		HideSolutionNode = FALSE
	EndGlobalSection
	GlobalSection(ExtensibilityGlobals) = postSolution
		SolutionGuid = {2EF3F72C-7D7D-4A9A-9E76-BBE5C059FC94}
	EndGlobalSection
EndGlobal
